
Microsoft Visual Studio Solution File, Format Version 12.00
# Visual Studio 15
VisualStudioVersion = 15.0.27130.2036
MinimumVisualStudioVersion = 10.0.40219.1
Project("{FAE04EC0-301F-11D3-BF4B-00C04F79EFBC}") = "CustomModbusSlave", "CustomModbusSlave\CustomModbusSlave.csproj", "{9244D783-9410-4026-B3EF-49435F79A74A}"
EndProject
Project("{FAE04EC0-301F-11D3-BF4B-00C04F79EFBC}") = "CustomModbusSlaveConsoleApp", "CustomModbusSlaveConsoleApp\CustomModbusSlaveConsoleApp.csproj", "{EB3B372F-234C-43F2-B80A-776A01A24BB4}"
EndProject
Project("{FAE04EC0-301F-11D3-BF4B-00C04F79EFBC}") = "CustomModbusSlave.Es2gClimatic.CabinApp", "CustomModbusSlave.Es2gClimatic.CabinApp\CustomModbusSlave.Es2gClimatic.CabinApp.csproj", "{E50F40A5-5E36-4BDF-B076-8748D5B22FBB}"
EndProject
Project("{FAE04EC0-301F-11D3-BF4B-00C04F79EFBC}") = "CustomModbusSlave.Es2gClimatic.InteriorApp", "CustomModbusSlave.Es2gClimatic.InteriorApp\CustomModbusSlave.Es2gClimatic.InteriorApp.csproj", "{446DBE4B-6AFB-4784-AFAC-B99E66A6634E}"
EndProject
Project("{FAE04EC0-301F-11D3-BF4B-00C04F79EFBC}") = "CustomModbusSlave.Es2gClimatic.Shared", "CustomModbusSlave.Es2gClimatic.Shared\CustomModbusSlave.Es2gClimatic.Shared.csproj", "{B20B54D7-E4ED-4B62-9308-9C975339F965}"
EndProject
Project("{FAE04EC0-301F-11D3-BF4B-00C04F79EFBC}") = "ParamCentric.Common.Contracts", "ParamCentric.Common.Contracts\ParamCentric.Common.Contracts.csproj", "{08B70D5B-732F-4EF5-9DDC-56B3561B9B83}"
EndProject
Project("{FAE04EC0-301F-11D3-BF4B-00C04F79EFBC}") = "ParamCentric.Modbus.Contracts", "ParamCentric.Modbus.Contracts\ParamCentric.Modbus.Contracts.csproj", "{04A51B7C-BCA2-496F-94A5-DFC4119B7B44}"
EndProject
Project("{FAE04EC0-301F-11D3-BF4B-00C04F79EFBC}") = "ParamCentric.UserInterface.Contracts", "ParamCentric.UserInterface.Contracts\ParamCentric.UserInterface.Contracts.csproj", "{4CCE9E04-36B8-4B75-AA47-3126E801A406}"
EndProject
Project("{FAE04EC0-301F-11D3-BF4B-00C04F79EFBC}") = "CustomModbus.Slave.FastReply.Contracts", "CustomModbus.Slave.FastReply.Contracts\CustomModbus.Slave.FastReply.Contracts.csproj", "{53393428-C7AF-4431-B3E4-2DE72CE78108}"
EndProject
Project("{FAE04EC0-301F-11D3-BF4B-00C04F79EFBC}") = "CustomModbus.Slave.FastReply.Queued", "CustomModbus.Slave.FastReply.Queued\CustomModbus.Slave.FastReply.Queued.csproj", "{19373346-E61B-42D4-9A4C-7923DCE6E3FB}"
EndProject
Project("{FAE04EC0-301F-11D3-BF4B-00C04F79EFBC}") = "ParamControls", "ParamControls\ParamControls.csproj", "{6286A75B-9E7D-43D5-A173-1DE721E0E959}"
EndProject
Global
	GlobalSection(SolutionConfigurationPlatforms) = preSolution
		Debug|Any CPU = Debug|Any CPU
		Release|Any CPU = Release|Any CPU
	EndGlobalSection
	GlobalSection(ProjectConfigurationPlatforms) = postSolution
		{9244D783-9410-4026-B3EF-49435F79A74A}.Debug|Any CPU.ActiveCfg = Debug|Any CPU
		{9244D783-9410-4026-B3EF-49435F79A74A}.Debug|Any CPU.Build.0 = Debug|Any CPU
		{9244D783-9410-4026-B3EF-49435F79A74A}.Release|Any CPU.ActiveCfg = Release|Any CPU
		{9244D783-9410-4026-B3EF-49435F79A74A}.Release|Any CPU.Build.0 = Release|Any CPU
		{EB3B372F-234C-43F2-B80A-776A01A24BB4}.Debug|Any CPU.ActiveCfg = Debug|Any CPU
		{EB3B372F-234C-43F2-B80A-776A01A24BB4}.Debug|Any CPU.Build.0 = Debug|Any CPU
		{EB3B372F-234C-43F2-B80A-776A01A24BB4}.Release|Any CPU.ActiveCfg = Release|Any CPU
		{EB3B372F-234C-43F2-B80A-776A01A24BB4}.Release|Any CPU.Build.0 = Release|Any CPU
		{E50F40A5-5E36-4BDF-B076-8748D5B22FBB}.Debug|Any CPU.ActiveCfg = Debug|Any CPU
		{E50F40A5-5E36-4BDF-B076-8748D5B22FBB}.Debug|Any CPU.Build.0 = Debug|Any CPU
		{E50F40A5-5E36-4BDF-B076-8748D5B22FBB}.Release|Any CPU.ActiveCfg = Release|Any CPU
		{E50F40A5-5E36-4BDF-B076-8748D5B22FBB}.Release|Any CPU.Build.0 = Release|Any CPU
		{446DBE4B-6AFB-4784-AFAC-B99E66A6634E}.Debug|Any CPU.ActiveCfg = Debug|Any CPU
		{446DBE4B-6AFB-4784-AFAC-B99E66A6634E}.Debug|Any CPU.Build.0 = Debug|Any CPU
		{446DBE4B-6AFB-4784-AFAC-B99E66A6634E}.Release|Any CPU.ActiveCfg = Release|Any CPU
		{446DBE4B-6AFB-4784-AFAC-B99E66A6634E}.Release|Any CPU.Build.0 = Release|Any CPU
		{B20B54D7-E4ED-4B62-9308-9C975339F965}.Debug|Any CPU.ActiveCfg = Debug|Any CPU
		{B20B54D7-E4ED-4B62-9308-9C975339F965}.Debug|Any CPU.Build.0 = Debug|Any CPU
		{B20B54D7-E4ED-4B62-9308-9C975339F965}.Release|Any CPU.ActiveCfg = Release|Any CPU
		{B20B54D7-E4ED-4B62-9308-9C975339F965}.Release|Any CPU.Build.0 = Release|Any CPU
		{08B70D5B-732F-4EF5-9DDC-56B3561B9B83}.Debug|Any CPU.ActiveCfg = Debug|Any CPU
		{08B70D5B-732F-4EF5-9DDC-56B3561B9B83}.Debug|Any CPU.Build.0 = Debug|Any CPU
		{08B70D5B-732F-4EF5-9DDC-56B3561B9B83}.Release|Any CPU.ActiveCfg = Release|Any CPU
		{08B70D5B-732F-4EF5-9DDC-56B3561B9B83}.Release|Any CPU.Build.0 = Release|Any CPU
		{04A51B7C-BCA2-496F-94A5-DFC4119B7B44}.Debug|Any CPU.ActiveCfg = Debug|Any CPU
		{04A51B7C-BCA2-496F-94A5-DFC4119B7B44}.Debug|Any CPU.Build.0 = Debug|Any CPU
		{04A51B7C-BCA2-496F-94A5-DFC4119B7B44}.Release|Any CPU.ActiveCfg = Release|Any CPU
		{04A51B7C-BCA2-496F-94A5-DFC4119B7B44}.Release|Any CPU.Build.0 = Release|Any CPU
		{4CCE9E04-36B8-4B75-AA47-3126E801A406}.Debug|Any CPU.ActiveCfg = Debug|Any CPU
		{4CCE9E04-36B8-4B75-AA47-3126E801A406}.Debug|Any CPU.Build.0 = Debug|Any CPU
		{4CCE9E04-36B8-4B75-AA47-3126E801A406}.Release|Any CPU.ActiveCfg = Release|Any CPU
		{4CCE9E04-36B8-4B75-AA47-3126E801A406}.Release|Any CPU.Build.0 = Release|Any CPU
		{53393428-C7AF-4431-B3E4-2DE72CE78108}.Debug|Any CPU.ActiveCfg = Debug|Any CPU
		{53393428-C7AF-4431-B3E4-2DE72CE78108}.Debug|Any CPU.Build.0 = Debug|Any CPU
		{53393428-C7AF-4431-B3E4-2DE72CE78108}.Release|Any CPU.ActiveCfg = Release|Any CPU
		{53393428-C7AF-4431-B3E4-2DE72CE78108}.Release|Any CPU.Build.0 = Release|Any CPU
		{19373346-E61B-42D4-9A4C-7923DCE6E3FB}.Debug|Any CPU.ActiveCfg = Debug|Any CPU
		{19373346-E61B-42D4-9A4C-7923DCE6E3FB}.Debug|Any CPU.Build.0 = Debug|Any CPU
		{19373346-E61B-42D4-9A4C-7923DCE6E3FB}.Release|Any CPU.ActiveCfg = Release|Any CPU
		{19373346-E61B-42D4-9A4C-7923DCE6E3FB}.Release|Any CPU.Build.0 = Release|Any CPU
		{6286A75B-9E7D-43D5-A173-1DE721E0E959}.Debug|Any CPU.ActiveCfg = Debug|Any CPU
		{6286A75B-9E7D-43D5-A173-1DE721E0E959}.Debug|Any CPU.Build.0 = Debug|Any CPU
		{6286A75B-9E7D-43D5-A173-1DE721E0E959}.Release|Any CPU.ActiveCfg = Release|Any CPU
		{6286A75B-9E7D-43D5-A173-1DE721E0E959}.Release|Any CPU.Build.0 = Release|Any CPU
	EndGlobalSection
	GlobalSection(SolutionProperties) = preSolution
		HideSolutionNode = FALSE
	EndGlobalSection
	GlobalSection(ExtensibilityGlobals) = postSolution
		SolutionGuid = {A0BE96D3-1659-4B7C-8104-648F0C2FE375}
	EndGlobalSection
EndGlobal
